
Microsoft Visual Studio Solution File, Format Version 12.00
# Visual Studio Version 17
VisualStudioVersion = 17.10.34804.81
MinimumVisualStudioVersion = 10.0.40219.1
Project("{9A19103F-16F7-4668-BE54-9A1E7A4F7556}") = "DevForge_Connect", "DevForge_Connect\DevForge Connect.csproj", "{A816C422-0435-4BB9-9830-BCD0A4AFAA82}"
EndProject
Global
	GlobalSection(SolutionConfigurationPlatforms) = preSolution
		Debug|Any CPU = Debug|Any CPU
		Release|Any CPU = Release|Any CPU
	EndGlobalSection
	GlobalSection(ProjectConfigurationPlatforms) = postSolution
		{A816C422-0435-4BB9-9830-BCD0A4AFAA82}.Debug|Any CPU.ActiveCfg = Debug|Any CPU
		{A816C422-0435-4BB9-9830-BCD0A4AFAA82}.Debug|Any CPU.Build.0 = Debug|Any CPU
		{A816C422-0435-4BB9-9830-BCD0A4AFAA82}.Release|Any CPU.ActiveCfg = Release|Any CPU
		{A816C422-0435-4BB9-9830-BCD0A4AFAA82}.Release|Any CPU.Build.0 = Release|Any CPU
		{F403DE4D-A032-41DA-BDED-2D702EC77CD2}.Debug|Any CPU.ActiveCfg = Debug|Any CPU
		{F403DE4D-A032-41DA-BDED-2D702EC77CD2}.Debug|Any CPU.Build.0 = Debug|Any CPU
		{F403DE4D-A032-41DA-BDED-2D702EC77CD2}.Release|Any CPU.ActiveCfg = Release|Any CPU
		{F403DE4D-A032-41DA-BDED-2D702EC77CD2}.Release|Any CPU.Build.0 = Release|Any CPU
		{F312B9F0-A228-49D7-B831-36FF3F1281E6}.Debug|Any CPU.ActiveCfg = Debug|Any CPU
		{F312B9F0-A228-49D7-B831-36FF3F1281E6}.Debug|Any CPU.Build.0 = Debug|Any CPU
		{F312B9F0-A228-49D7-B831-36FF3F1281E6}.Release|Any CPU.ActiveCfg = Release|Any CPU
		{F312B9F0-A228-49D7-B831-36FF3F1281E6}.Release|Any CPU.Build.0 = Release|Any CPU
	EndGlobalSection
	GlobalSection(SolutionProperties) = preSolution
		HideSolutionNode = FALSE
	EndGlobalSection
	GlobalSection(ExtensibilityGlobals) = postSolution
		SolutionGuid = {2DF8300B-EA1A-4885-80AC-0C4466BBCB0C}
	EndGlobalSection
EndGlobal
